// !$*UTF8*$!
{
	archiveVersion = 1;
	classes = {
	};
	objectVersion = 46;
	objects = {

/* Begin PBXBuildFile section */
		C0E16E941E9336BD00E205F9 /* main.m in Sources */ = {isa = PBXBuildFile; fileRef = C0E16E931E9336BD00E205F9 /* main.m */; };
		C0E16E971E9336BD00E205F9 /* AppDelegate.m in Sources */ = {isa = PBXBuildFile; fileRef = C0E16E961E9336BD00E205F9 /* AppDelegate.m */; };
		C0E16E9A1E9336BD00E205F9 /* ViewController.m in Sources */ = {isa = PBXBuildFile; fileRef = C0E16E991E9336BD00E205F9 /* ViewController.m */; };
		C0E16E9D1E9336BD00E205F9 /* Main.storyboard in Resources */ = {isa = PBXBuildFile; fileRef = C0E16E9B1E9336BD00E205F9 /* Main.storyboard */; };
		C0E16E9F1E9336BE00E205F9 /* Assets.xcassets in Resources */ = {isa = PBXBuildFile; fileRef = C0E16E9E1E9336BE00E205F9 /* Assets.xcassets */; };
		C0E16EA21E9336BE00E205F9 /* LaunchScreen.storyboard in Resources */ = {isa = PBXBuildFile; fileRef = C0E16EA01E9336BE00E205F9 /* LaunchScreen.storyboard */; };
/* End PBXBuildFile section */

/* Begin PBXFileReference section */
		C0E16E8F1E9336BD00E205F9 /* 9.1.5 使用代码切换控制器.app */ = {isa = PBXFileReference; explicitFileType = wrapper.application; includeInIndex = 0; path = "9.1.5 使用代码切换控制器.app"; sourceTree = BUILT_PRODUCTS_DIR; };
		C0E16E931E9336BD00E205F9 /* main.m */ = {isa = PBXFileReference; lastKnownFileType = sourcecode.c.objc; path = main.m; sourceTree = "<group>"; };
		C0E16E951E9336BD00E205F9 /* AppDelegate.h */ = {isa = PBXFileReference; lastKnownFileType = sourcecode.c.h; path = AppDelegate.h; sourceTree = "<group>"; };
		C0E16E961E9336BD00E205F9 /* AppDelegate.m */ = {isa = PBXFileReference; lastKnownFileType = sourcecode.c.objc; path = AppDelegate.m; sourceTree = "<group>"; };
		C0E16E981E9336BD00E205F9 /* ViewController.h */ = {isa = PBXFileReference; lastKnownFileType = sourcecode.c.h; path = ViewController.h; sourceTree = "<group>"; };
		C0E16E991E9336BD00E205F9 /* ViewController.m */ = {isa = PBXFileReference; lastKnownFileType = sourcecode.c.objc; path = ViewController.m; sourceTree = "<group>"; };
		C0E16E9C1E9336BD00E205F9 /* Base */ = {isa = PBXFileReference; lastKnownFileType = file.storyboard; name = Base; path = Base.lproj/Main.storyboard; sourceTree = "<group>"; };
		C0E16E9E1E9336BE00E205F9 /* Assets.xcassets */ = {isa = PBXFileReference; lastKnownFileType = folder.assetcatalog; path = Assets.xcassets; sourceTree = "<group>"; };
		C0E16EA11E9336BE00E205F9 /* Base */ = {isa = PBXFileReference; lastKnownFileType = file.storyboard; name = Base; path = Base.lproj/LaunchScreen.storyboard; sourceTree = "<group>"; };
		C0E16EA31E9336BE00E205F9 /* Info.plist */ = {isa = PBXFileReference; lastKnownFileType = text.plist.xml; path = Info.plist; sourceTree = "<group>"; };
/* End PBXFileReference section */

/* Begin PBXFrameworksBuildPhase section */
		C0E16E8C1E9336BD00E205F9 /* Frameworks */ = {
			isa = PBXFrameworksBuildPhase;
			buildActionMask = 2147483647;
			files = (
			);
			runOnlyForDeploymentPostprocessing = 0;
		};
/* End PBXFrameworksBuildPhase section */

/* Begin PBXGroup section */
		C0E16E861E9336BD00E205F9 = {
			isa = PBXGroup;
			children = (
				C0E16E911E9336BD00E205F9 /* 9.1.5 使用代码切换控制器 */,
				C0E16E901E9336BD00E205F9 /* Products */,
			);
			sourceTree = "<group>";
		};
		C0E16E901E9336BD00E205F9 /* Products */ = {
			isa = PBXGroup;
			children = (
				C0E16E8F1E9336BD00E205F9 /* 9.1.5 使用代码切换控制器.app */,
			);
			name = Products;
			sourceTree = "<group>";
		};
		C0E16E911E9336BD00E205F9 /* 9.1.5 使用代码切换控制器 */ = {
			isa = PBXGroup;
			children = (
				C0E16E951E9336BD00E205F9 /* AppDelegate.h */,
				C0E16E961E9336BD00E205F9 /* AppDelegate.m */,
				C0E16E981E9336BD00E205F9 /* ViewController.h */,
				C0E16E991E9336BD00E205F9 /* ViewController.m */,
				C0E16E9B1E9336BD00E205F9 /* Main.storyboard */,
				C0E16E9E1E9336BE00E205F9 /* Assets.xcassets */,
				C0E16EA01E9336BE00E205F9 /* LaunchScreen.storyboard */,
				C0E16EA31E9336BE00E205F9 /* Info.plist */,
				C0E16E921E9336BD00E205F9 /* Supporting Files */,
			);
			path = "9.1.5 使用代码切换控制器";
			sourceTree = "<group>";
		};
		C0E16E921E9336BD00E205F9 /* Supporting Files */ = {
			isa = PBXGroup;
			children = (
				C0E16E931E9336BD00E205F9 /* main.m */,
			);
			name = "Supporting Files";
			sourceTree = "<group>";
		};
/* End PBXGroup section */

/* Begin PBXNativeTarget section */
		C0E16E8E1E9336BD00E205F9 /* 9.1.5 使用代码切换控制器 */ = {
			isa = PBXNativeTarget;
			buildConfigurationList = C0E16EA61E9336BE00E205F9 /* Build configuration list for PBXNativeTarget "9.1.5 使用代码切换控制器" */;
			buildPhases = (
				C0E16E8B1E9336BD00E205F9 /* Sources */,
				C0E16E8C1E9336BD00E205F9 /* Frameworks */,
				C0E16E8D1E9336BD00E205F9 /* Resources */,
			);
			buildRules = (
			);
			dependencies = (
			);
			name = "9.1.5 使用代码切换控制器";
			productName = "9.1.5 使用代码切换控制器";
			productReference = C0E16E8F1E9336BD00E205F9 /* 9.1.5 使用代码切换控制器.app */;
			productType = "com.apple.product-type.application";
		};
/* End PBXNativeTarget section */

/* Begin PBXProject section */
		C0E16E871E9336BD00E205F9 /* Project object */ = {
			isa = PBXProject;
			attributes = {
				LastUpgradeCheck = 0820;
				ORGANIZATIONNAME = Liz;
				TargetAttributes = {
					C0E16E8E1E9336BD00E205F9 = {
						CreatedOnToolsVersion = 8.2;
						ProvisioningStyle = Automatic;
					};
				};
			};
			buildConfigurationList = C0E16E8A1E9336BD00E205F9 /* Build configuration list for PBXProject "9.1.5 使用代码切换控制器" */;
			compatibilityVersion = "Xcode 3.2";
			developmentRegion = English;
			hasScannedForEncodings = 0;
			knownRegions = (
				en,
				Base,
			);
			mainGroup = C0E16E861E9336BD00E205F9;
			productRefGroup = C0E16E901E9336BD00E205F9 /* Products */;
			projectDirPath = "";
			projectRoot = "";
			targets = (
				C0E16E8E1E9336BD00E205F9 /* 9.1.5 使用代码切换控制器 */,
			);
		};
/* End PBXProject section */

/* Begin PBXResourcesBuildPhase section */
		C0E16E8D1E9336BD00E205F9 /* Resources */ = {
			isa = PBXResourcesBuildPhase;
			buildActionMask = 2147483647;
			files = (
				C0E16EA21E9336BE00E205F9 /* LaunchScreen.storyboard in Resources */,
				C0E16E9F1E9336BE00E205F9 /* Assets.xcassets in Resources */,
				C0E16E9D1E9336BD00E205F9 /* Main.storyboard in Resources */,
			);
			runOnlyForDeploymentPostprocessing = 0;
		};
/* End PBXResourcesBuildPhase section */

/* Begin PBXSourcesBuildPhase section */
		C0E16E8B1E9336BD00E205F9 /* Sources */ = {
			isa = PBXSourcesBuildPhase;
			buildActionMask = 2147483647;
			files = (
				C0E16E9A1E9336BD00E205F9 /* ViewController.m in Sources */,
				C0E16E971E9336BD00E205F9 /* AppDelegate.m in Sources */,
				C0E16E941E9336BD00E205F9 /* main.m in Sources */,
			);
			runOnlyForDeploymentPostprocessing = 0;
		};
/* End PBXSourcesBuildPhase section */

/* Begin PBXVariantGroup section */
		C0E16E9B1E9336BD00E205F9 /* Main.storyboard */ = {
			isa = PBXVariantGroup;
			children = (
				C0E16E9C1E9336BD00E205F9 /* Base */,
			);
			name = Main.storyboard;
			sourceTree = "<group>";
		};
		C0E16EA01E9336BE00E205F9 /* LaunchScreen.storyboard */ = {
			isa = PBXVariantGroup;
			children = (
				C0E16EA11E9336BE00E205F9 /* Base */,
			);
			name = LaunchScreen.storyboard;
			sourceTree = "<group>";
		};
/* End PBXVariantGroup section */

/* Begin XCBuildConfiguration section */
		C0E16EA41E9336BE00E205F9 /* Debug */ = {
			isa = XCBuildConfiguration;
			buildSettings = {
				ALWAYS_SEARCH_USER_PATHS = NO;
				CLANG_ANALYZER_NONNULL = YES;
				CLANG_CXX_LANGUAGE_STANDARD = "gnu++0x";
				CLANG_CXX_LIBRARY = "libc++";
				CLANG_ENABLE_MODULES = YES;
				CLANG_ENABLE_OBJC_ARC = YES;
				CLANG_WARN_BOOL_CONVERSION = YES;
				CLANG_WARN_CONSTANT_CONVERSION = YES;
				CLANG_WARN_DIRECT_OBJC_ISA_USAGE = YES_ERROR;
				CLANG_WARN_DOCUMENTATION_COMMENTS = YES;
				CLANG_WARN_EMPTY_BODY = YES;
				CLANG_WARN_ENUM_CONVERSION = YES;
				CLANG_WARN_INFINITE_RECURSION = YES;
				CLANG_WARN_INT_CONVERSION = YES;
				CLANG_WARN_OBJC_ROOT_CLASS = YES_ERROR;
				CLANG_WARN_SUSPICIOUS_MOVE = YES;
				CLANG_WARN_UNREACHABLE_CODE = YES;
				CLANG_WARN__DUPLICATE_METHOD_MATCH = YES;
				"CODE_SIGN_IDENTITY[sdk=iphoneos*]" = "iPhone Developer";
				COPY_PHASE_STRIP = NO;
				DEBUG_INFORMATION_FORMAT = dwarf;
				ENABLE_STRICT_OBJC_MSGSEND = YES;
				ENABLE_TESTABILITY = YES;
				GCC_C_LANGUAGE_STANDARD = gnu99;
				GCC_DYNAMIC_NO_PIC = NO;
				GCC_NO_COMMON_BLOCKS = YES;
				GCC_OPTIMIZATION_LEVEL = 0;
				GCC_PREPROCESSOR_DEFINITIONS = (
					"DEBUG=1",
					"$(inherited)",
				);
				GCC_WARN_64_TO_32_BIT_CONVERSION = YES;
				GCC_WARN_ABOUT_RETURN_TYPE = YES_ERROR;
				GCC_WARN_UNDECLARED_SELECTOR = YES;
				GCC_WARN_UNINITIALIZED_AUTOS = YES_AGGRESSIVE;
				GCC_WARN_UNUSED_FUNCTION = YES;
				GCC_WARN_UNUSED_VARIABLE = YES;
				IPHONEOS_DEPLOYMENT_TARGET = 10.2;
				MTL_ENABLE_DEBUG_INFO = YES;
				ONLY_ACTIVE_ARCH = YES;
				SDKROOT = iphoneos;
			};
			name = Debug;
		};
		C0E16EA51E9336BE00E205F9 /* Release */ = {
			isa = XCBuildConfiguration;
			buildSettings = {
				ALWAYS_SEARCH_USER_PATHS = NO;
				CLANG_ANALYZER_NONNULL = YES;
				CLANG_CXX_LANGUAGE_STANDARD = "gnu++0x";
				CLANG_CXX_LIBRARY = "libc++";
				CLANG_ENABLE_MODULES = YES;
				CLANG_ENABLE_OBJC_ARC = YES;
				CLANG_WARN_BOOL_CONVERSION = YES;
				CLANG_WARN_CONSTANT_CONVERSION = YES;
				CLANG_WARN_DIRECT_OBJC_ISA_USAGE = YES_ERROR;
				CLANG_WARN_DOCUMENTATION_COMMENTS = YES;
				CLANG_WARN_EMPTY_BODY = YES;
				CLANG_WARN_ENUM_CONVERSION = YES;
				CLANG_WARN_INFINITE_RECURSION = YES;
				CLANG_WARN_INT_CONVERSION = YES;
				CLANG_WARN_OBJC_ROOT_CLASS = YES_ERROR;
				CLANG_WARN_SUSPICIOUS_MOVE = YES;
				CLANG_WARN_UNREACHABLE_CODE = YES;
				CLANG_WARN__DUPLICATE_METHOD_MATCH = YES;
				"CODE_SIGN_IDENTITY[sdk=iphoneos*]" = "iPhone Developer";
				COPY_PHASE_STRIP = NO;
				DEBUG_INFORMATION_FORMAT = "dwarf-with-dsym";
				ENABLE_NS_ASSERTIONS = NO;
				ENABLE_STRICT_OBJC_MSGSEND = YES;
				GCC_C_LANGUAGE_STANDARD = gnu99;
				GCC_NO_COMMON_BLOCKS = YES;
				GCC_WARN_64_TO_32_BIT_CONVERSION = YES;
				GCC_WARN_ABOUT_RETURN_TYPE = YES_ERROR;
				GCC_WARN_UNDECLARED_SELECTOR = YES;
				GCC_WARN_UNINITIALIZED_AUTOS = YES_AGGRESSIVE;
				GCC_WARN_UNUSED_FUNCTION = YES;
				GCC_WARN_UNUSED_VARIABLE = YES;
				IPHONEOS_DEPLOYMENT_TARGET = 10.2;
				MTL_ENABLE_DEBUG_INFO = NO;
				SDKROOT = iphoneos;
				VALIDATE_PRODUCT = YES;
			};
			name = Release;
		};
		C0E16EA71E9336BE00E205F9 /* Debug */ = {
			isa = XCBuildConfiguration;
			buildSettings = {
				ASSETCATALOG_COMPILER_APPICON_NAME = AppIcon;
				INFOPLIST_FILE = "9.1.5 使用代码切换控制器/Info.plist";
				LD_RUNPATH_SEARCH_PATHS = "$(inherited) @executable_path/Frameworks";
				PRODUCT_BUNDLE_IDENTIFIER = "com.99ios.--1-5----------";
				PRODUCT_NAME = "$(TARGET_NAME)";
			};
			name = Debug;
		};
		C0E16EA81E9336BE00E205F9 /* Release */ = {
			isa = XCBuildConfiguration;
			buildSettings = {
				ASSETCATALOG_COMPILER_APPICON_NAME = AppIcon;
				INFOPLIST_FILE = "9.1.5 使用代码切换控制器/Info.plist";
				LD_RUNPATH_SEARCH_PATHS = "$(inherited) @executable_path/Frameworks";
				PRODUCT_BUNDLE_IDENTIFIER = "com.99ios.--1-5----------";
				PRODUCT_NAME = "$(TARGET_NAME)";
			};
			name = Release;
		};
/* End XCBuildConfiguration section */

/* Begin XCConfigurationList section */
		C0E16E8A1E9336BD00E205F9 /* Build configuration list for PBXProject "9.1.5 使用代码切换控制器" */ = {
			isa = XCConfigurationList;
			buildConfigurations = (
				C0E16EA41E9336BE00E205F9 /* Debug */,
				C0E16EA51E9336BE00E205F9 /* Release */,
			);
			defaultConfigurationIsVisible = 0;
			defaultConfigurationName = Release;
		};
		C0E16EA61E9336BE00E205F9 /* Build configuration list for PBXNativeTarget "9.1.5 使用代码切换控制器" */ = {
			isa = XCConfigurationList;
			buildConfigurations = (
				C0E16EA71E9336BE00E205F9 /* Debug */,
				C0E16EA81E9336BE00E205F9 /* Release */,
			);
			defaultConfigurationIsVisible = 0;
		};
/* End XCConfigurationList section */
	};
	rootObject = C0E16E871E9336BD00E205F9 /* Project object */;
}
